<?xml version="1.0" encoding="utf-8"?>
<Project ToolsVersion="4.0" xmlns="http://schemas.microsoft.com/developer/msbuild/2003">
  <ItemGroup>
    <ClCompile Include="src\dyn_arr.c">
      <Filter>src</Filter>
    </ClCompile>
    <ClCompile Include="src\cirbuf_lockfree.c">
      <Filter>src</Filter>
    </ClCompile>
    <ClCompile Include="src\cirbuf_metric.c">
      <Filter>src</Filter>
    </ClCompile>
    <ClCompile Include="src\cirbuf_packet_sync.c">
      <Filter>src</Filter>
    </ClCompile>
    <ClCompile Include="src\dict.c">
      <Filter>src</Filter>
    </ClCompile>
    <ClCompile Include="src\dict_o.c">
      <Filter>src</Filter>
    </ClCompile>
    <ClCompile Include="src\g_funcs.c">
      <Filter>src</Filter>
    </ClCompile>
    <ClCompile Include="src\id_dict.c">
      <Filter>src</Filter>
    </ClCompile>
    <ClCompile Include="src\json.c">
      <Filter>src</Filter>
    </ClCompile>
    <ClCompile Include="src\LamportBakeryAlgorithm.c">
      <Filter>src</Filter>
    </ClCompile>
    <ClCompile Include="src\pub_sub.c">
      <Filter>src</Filter>
    </ClCompile>
    <ClCompile Include="src\TokenRing_cl.c">
      <Filter>src</Filter>
    </ClCompile>
    <ClCompile Include="src\TokenRing_p.c">
      <Filter>src</Filter>
    </ClCompile>
    <ClCompile Include="src\vcbuf_nonblk.c">
      <Filter>src</Filter>
    </ClCompile>
    <ClCompile Include="src\vcbuf_popblk.c">
      <Filter>src</Filter>
    </ClCompile>
    <ClCompile Include="src\dict_s_i.c">
      <Filter>src</Filter>
    </ClCompile>
    <ClCompile Include="src\dict_s_o.c">
      <Filter>src</Filter>
    </ClCompile>
    <ClCompile Include="src\str.c">
      <Filter>src</Filter>
    </ClCompile>
    <ClCompile Include="src\cirbuf_infinite.c">
      <Filter>src</Filter>
    </ClCompile>
    <ClCompile Include="src\dbg.c">
      <Filter>src</Filter>
    </ClCompile>
    <ClCompile Include="src\dict_fst.c">
      <Filter>src</Filter>
    </ClCompile>
  </ItemGroup>
  <ItemGroup>
    <Filter Include="dep">
      <UniqueIdentifier>{4871b50d-e8d7-4cbc-a50c-f89fe2685325}</UniqueIdentifier>
    </Filter>
    <Filter Include="header">
      <UniqueIdentifier>{2490ec6a-36b9-42b0-b6db-0795ab4ff7ee}</UniqueIdentifier>
    </Filter>
    <Filter Include="src">
      <UniqueIdentifier>{d2a11e3d-0f0e-4250-a10d-75068e90aa80}</UniqueIdentifier>
    </Filter>
  </ItemGroup>
  <ItemGroup>
    <None Include="dep\general.use">
      <Filter>dep</Filter>
    </None>
    <None Include="dep\general.inc">
      <Filter>dep</Filter>
    </None>
    <None Include="dep\general.dep">
      <Filter>dep</Filter>
    </None>
    <None Include="dep\system.inc">
      <Filter>dep</Filter>
    </None>
    <None Include="dep\system.use">
      <Filter>dep</Filter>
    </None>
  </ItemGroup>
  <ItemGroup>
    <ClInclude Include="header\IntellisenseAssist.h">
      <Filter>header</Filter>
    </ClInclude>
    <ClInclude Include="header\json.h">
      <Filter>header</Filter>
    </ClInclude>
    <ClInclude Include="header\g_brk.h">
      <Filter>header</Filter>
    </ClInclude>
    <ClInclude Include="header\g_funcs.h">
      <Filter>header</Filter>
    </ClInclude>
    <ClInclude Include="header\g_macros.h">
      <Filter>header</Filter>
    </ClInclude>
    <ClInclude Include="header\g_consts.h">
      <Filter>header</Filter>
    </ClInclude>
    <ClInclude Include="header\g_types.h">
      <Filter>header</Filter>
    </ClInclude>
    <ClInclude Include="dep\general.h">
      <Filter>dep</Filter>
    </ClInclude>
    <ClInclude Include="header\g_sys.h">
      <Filter>header</Filter>
    </ClInclude>
    <ClInclude Include="header\struct.h">
      <Filter>header</Filter>
    </ClInclude>
    <ClInclude Include="header\LamportBakeryAlgorithm.h">
      <Filter>header</Filter>
    </ClInclude>
    <ClInclude Include="header\dict.h">
      <Filter>header</Filter>
    </ClInclude>
    <ClInclude Include="header\id_dict.h">
      <Filter>header</Filter>
    </ClInclude>
    <ClInclude Include="header\cirbuf_lockfree.h">
      <Filter>header</Filter>
    </ClInclude>
    <ClInclude Include="header\cirbuf_packet_sync.h">
      <Filter>header</Filter>
    </ClInclude>
    <ClInclude Include="header\cirbuf_metric.h">
      <Filter>header</Filter>
    </ClInclude>
    <ClInclude Include="header\vcbuf_popblk.h">
      <Filter>header</Filter>
    </ClInclude>
    <ClInclude Include="header\vcbuf_nonblk.h">
      <Filter>header</Filter>
    </ClInclude>
    <ClInclude Include="header\pub_sub.h">
      <Filter>header</Filter>
    </ClInclude>
    <ClInclude Include="header\TokenRing_cl.h">
      <Filter>header</Filter>
    </ClInclude>
    <ClInclude Include="header\TokenRing_p.h">
      <Filter>header</Filter>
    </ClInclude>
    <ClInclude Include="header\dyn_arr.h">
      <Filter>header</Filter>
    </ClInclude>
    <ClInclude Include="header\dict_o.h">
      <Filter>header</Filter>
    </ClInclude>
    <ClInclude Include="header\dict_s_i.h">
      <Filter>header</Filter>
    </ClInclude>
    <ClInclude Include="header\dict_s_o.h">
      <Filter>header</Filter>
    </ClInclude>
    <ClInclude Include="header\str.h">
      <Filter>header</Filter>
    </ClInclude>
    <ClInclude Include="header\cirbuf_infinite.h">
      <Filter>header</Filter>
    </ClInclude>
    <ClInclude Include="header\dbg.h">
      <Filter>header</Filter>
    </ClInclude>
    <ClInclude Include="header\dict_fst.h">
      <Filter>header</Filter>
    </ClInclude>
  </ItemGroup>
</Project>